
Microsoft Visual Studio Solution File, Format Version 12.00
# Visual Studio Version 17
VisualStudioVersion = 17.0.32014.148
MinimumVisualStudioVersion = 10.0.40219.1
Project("{FAE04EC0-301F-11D3-BF4B-00C04F79EFBC}") = "TourManagementSystem", "TourManagementSystem\TourManagementSystem.csproj", "{0F33F107-4A1F-4C41-BAB3-480AD277F75C}"
EndProject
Project("{54435603-DBB4-11D2-8724-00A0C9A8B90C}") = "SetupApplication", "SetupApplication\SetupApplication.vdproj", "{9510FDEB-421D-466B-80C2-CD0C611E0531}"
EndProject
Global
	GlobalSection(SolutionConfigurationPlatforms) = preSolution
		Debug|Any CPU = Debug|Any CPU
		Release|Any CPU = Release|Any CPU
	EndGlobalSection
	GlobalSection(ProjectConfigurationPlatforms) = postSolution
		{0F33F107-4A1F-4C41-BAB3-480AD277F75C}.Debug|Any CPU.ActiveCfg = Debug|Any CPU
		{0F33F107-4A1F-4C41-BAB3-480AD277F75C}.Debug|Any CPU.Build.0 = Debug|Any CPU
		{0F33F107-4A1F-4C41-BAB3-480AD277F75C}.Release|Any CPU.ActiveCfg = Release|Any CPU
		{0F33F107-4A1F-4C41-BAB3-480AD277F75C}.Release|Any CPU.Build.0 = Release|Any CPU
		{9510FDEB-421D-466B-80C2-CD0C611E0531}.Debug|Any CPU.ActiveCfg = Debug
		{9510FDEB-421D-466B-80C2-CD0C611E0531}.Release|Any CPU.ActiveCfg = Release
	EndGlobalSection
	GlobalSection(SolutionProperties) = preSolution
		HideSolutionNode = FALSE
	EndGlobalSection
	GlobalSection(ExtensibilityGlobals) = postSolution
		SolutionGuid = {B1459E84-DE74-4739-9635-636700C07006}
	EndGlobalSection
EndGlobal
